
Microsoft Visual Studio Solution File, Format Version 12.00
# Visual Studio 15
VisualStudioVersion = 15.0.27428.2037
MinimumVisualStudioVersion = 10.0.40219.1
Project("{FAE04EC0-301F-11D3-BF4B-00C04F79EFBC}") = "Transcoma_v2", "Transcoma_v2\Transcoma_v2.csproj", "{57DE1BA8-9790-4C37-BC45-4B32A3CC504F}"
EndProject
Global
	GlobalSection(SolutionConfigurationPlatforms) = preSolution
		Debug|Any CPU = Debug|Any CPU
		Release|Any CPU = Release|Any CPU
	EndGlobalSection
	GlobalSection(ProjectConfigurationPlatforms) = postSolution
		{57DE1BA8-9790-4C37-BC45-4B32A3CC504F}.Debug|Any CPU.ActiveCfg = Debug|Any CPU
		{57DE1BA8-9790-4C37-BC45-4B32A3CC504F}.Debug|Any CPU.Build.0 = Debug|Any CPU
		{57DE1BA8-9790-4C37-BC45-4B32A3CC504F}.Release|Any CPU.ActiveCfg = Release|Any CPU
		{57DE1BA8-9790-4C37-BC45-4B32A3CC504F}.Release|Any CPU.Build.0 = Release|Any CPU
	EndGlobalSection
	GlobalSection(SolutionProperties) = preSolution
		HideSolutionNode = FALSE
	EndGlobalSection
	GlobalSection(ExtensibilityGlobals) = postSolution
		SolutionGuid = {EEE8C42A-A860-4D49-91FC-DC7BF2CCBEE3}
	EndGlobalSection
EndGlobal
