
Microsoft Visual Studio Solution File, Format Version 12.00
# Visual Studio 15
VisualStudioVersion = 15.0.27428.2037
MinimumVisualStudioVersion = 10.0.40219.1
Project("{FAE04EC0-301F-11D3-BF4B-00C04F79EFBC}") = "TranscomaAPI", "TranscomaAPI\TranscomaAPI.csproj", "{678C93B0-2DC2-435A-8951-27966B7D75BB}"
EndProject
Global
	GlobalSection(SolutionConfigurationPlatforms) = preSolution
		Debug|Any CPU = Debug|Any CPU
		Release|Any CPU = Release|Any CPU
	EndGlobalSection
	GlobalSection(ProjectConfigurationPlatforms) = postSolution
		{678C93B0-2DC2-435A-8951-27966B7D75BB}.Debug|Any CPU.ActiveCfg = Debug|Any CPU
		{678C93B0-2DC2-435A-8951-27966B7D75BB}.Debug|Any CPU.Build.0 = Debug|Any CPU
		{678C93B0-2DC2-435A-8951-27966B7D75BB}.Release|Any CPU.ActiveCfg = Release|Any CPU
		{678C93B0-2DC2-435A-8951-27966B7D75BB}.Release|Any CPU.Build.0 = Release|Any CPU
	EndGlobalSection
	GlobalSection(SolutionProperties) = preSolution
		HideSolutionNode = FALSE
	EndGlobalSection
	GlobalSection(ExtensibilityGlobals) = postSolution
		SolutionGuid = {FFE1E15B-C501-44B3-B399-94E4CD5622E5}
	EndGlobalSection
EndGlobal
